
Microsoft Visual Studio Solution File, Format Version 12.00
# Visual Studio Version 17
VisualStudioVersion = 17.4.33213.308
MinimumVisualStudioVersion = 10.0.40219.1
Project("{FAE04EC0-301F-11D3-BF4B-00C04F79EFBC}") = "MicrosoftToDo", "MicrosoftToDo\MicrosoftToDo.csproj", "{33F6B7D2-11F8-4D7A-98DD-FAB0DEAA28FB}"
EndProject
Global
	GlobalSection(SolutionConfigurationPlatforms) = preSolution
		Debug|Any CPU = Debug|Any CPU
		Release|Any CPU = Release|Any CPU
	EndGlobalSection
	GlobalSection(ProjectConfigurationPlatforms) = postSolution
		{33F6B7D2-11F8-4D7A-98DD-FAB0DEAA28FB}.Debug|Any CPU.ActiveCfg = Debug|Any CPU
		{33F6B7D2-11F8-4D7A-98DD-FAB0DEAA28FB}.Debug|Any CPU.Build.0 = Debug|Any CPU
		{33F6B7D2-11F8-4D7A-98DD-FAB0DEAA28FB}.Release|Any CPU.ActiveCfg = Release|Any CPU
		{33F6B7D2-11F8-4D7A-98DD-FAB0DEAA28FB}.Release|Any CPU.Build.0 = Release|Any CPU
	EndGlobalSection
	GlobalSection(SolutionProperties) = preSolution
		HideSolutionNode = FALSE
	EndGlobalSection
	GlobalSection(ExtensibilityGlobals) = postSolution
		SolutionGuid = {6EC13E73-D1AE-4A55-8D7C-A035F772CBAA}
	EndGlobalSection
EndGlobal
